// !$*UTF8*$!
{
	archiveVersion = 1;
	classes = {
	};
	objectVersion = 50;
	objects = {

/* Begin PBXBuildFile section */
		B9599E012485888200B15C5D /* AppDelegate.swift in Sources */ = {isa = PBXBuildFile; fileRef = B9599E002485888200B15C5D /* AppDelegate.swift */; };
		B9599E032485888200B15C5D /* SceneDelegate.swift in Sources */ = {isa = PBXBuildFile; fileRef = B9599E022485888200B15C5D /* SceneDelegate.swift */; };
		B9599E052485888200B15C5D /* ViewController.swift in Sources */ = {isa = PBXBuildFile; fileRef = B9599E042485888200B15C5D /* ViewController.swift */; };
		B9599E082485888200B15C5D /* Main.storyboard in Resources */ = {isa = PBXBuildFile; fileRef = B9599E062485888200B15C5D /* Main.storyboard */; };
		B9599E0A2485888300B15C5D /* Assets.xcassets in Resources */ = {isa = PBXBuildFile; fileRef = B9599E092485888300B15C5D /* Assets.xcassets */; };
		B9599E0D2485888300B15C5D /* LaunchScreen.storyboard in Resources */ = {isa = PBXBuildFile; fileRef = B9599E0B2485888300B15C5D /* LaunchScreen.storyboard */; };
		B9599E182485888300B15C5D /* CoreImageProjectTests.swift in Sources */ = {isa = PBXBuildFile; fileRef = B9599E172485888300B15C5D /* CoreImageProjectTests.swift */; };
		B9599E232485888300B15C5D /* CoreImageProjectUITests.swift in Sources */ = {isa = PBXBuildFile; fileRef = B9599E222485888300B15C5D /* CoreImageProjectUITests.swift */; };
/* End PBXBuildFile section */

/* Begin PBXContainerItemProxy section */
		B9599E142485888300B15C5D /* PBXContainerItemProxy */ = {
			isa = PBXContainerItemProxy;
			containerPortal = B9599DF52485888200B15C5D /* Project object */;
			proxyType = 1;
			remoteGlobalIDString = B9599DFC2485888200B15C5D;
			remoteInfo = CoreImageProject;
		};
		B9599E1F2485888300B15C5D /* PBXContainerItemProxy */ = {
			isa = PBXContainerItemProxy;
			containerPortal = B9599DF52485888200B15C5D /* Project object */;
			proxyType = 1;
			remoteGlobalIDString = B9599DFC2485888200B15C5D;
			remoteInfo = CoreImageProject;
		};
/* End PBXContainerItemProxy section */

/* Begin PBXFileReference section */
		B9599DFD2485888200B15C5D /* CoreImageProject.app */ = {isa = PBXFileReference; explicitFileType = wrapper.application; includeInIndex = 0; path = CoreImageProject.app; sourceTree = BUILT_PRODUCTS_DIR; };
		B9599E002485888200B15C5D /* AppDelegate.swift */ = {isa = PBXFileReference; lastKnownFileType = sourcecode.swift; path = AppDelegate.swift; sourceTree = "<group>"; };
		B9599E022485888200B15C5D /* SceneDelegate.swift */ = {isa = PBXFileReference; lastKnownFileType = sourcecode.swift; path = SceneDelegate.swift; sourceTree = "<group>"; };
		B9599E042485888200B15C5D /* ViewController.swift */ = {isa = PBXFileReference; lastKnownFileType = sourcecode.swift; path = ViewController.swift; sourceTree = "<group>"; };
		B9599E072485888200B15C5D /* Base */ = {isa = PBXFileReference; lastKnownFileType = file.storyboard; name = Base; path = Base.lproj/Main.storyboard; sourceTree = "<group>"; };
		B9599E092485888300B15C5D /* Assets.xcassets */ = {isa = PBXFileReference; lastKnownFileType = folder.assetcatalog; path = Assets.xcassets; sourceTree = "<group>"; };
		B9599E0C2485888300B15C5D /* Base */ = {isa = PBXFileReference; lastKnownFileType = file.storyboard; name = Base; path = Base.lproj/LaunchScreen.storyboard; sourceTree = "<group>"; };
		B9599E0E2485888300B15C5D /* Info.plist */ = {isa = PBXFileReference; lastKnownFileType = text.plist.xml; path = Info.plist; sourceTree = "<group>"; };
		B9599E132485888300B15C5D /* CoreImageProjectTests.xctest */ = {isa = PBXFileReference; explicitFileType = wrapper.cfbundle; includeInIndex = 0; path = CoreImageProjectTests.xctest; sourceTree = BUILT_PRODUCTS_DIR; };
		B9599E172485888300B15C5D /* CoreImageProjectTests.swift */ = {isa = PBXFileReference; lastKnownFileType = sourcecode.swift; path = CoreImageProjectTests.swift; sourceTree = "<group>"; };
		B9599E192485888300B15C5D /* Info.plist */ = {isa = PBXFileReference; lastKnownFileType = text.plist.xml; path = Info.plist; sourceTree = "<group>"; };
		B9599E1E2485888300B15C5D /* CoreImageProjectUITests.xctest */ = {isa = PBXFileReference; explicitFileType = wrapper.cfbundle; includeInIndex = 0; path = CoreImageProjectUITests.xctest; sourceTree = BUILT_PRODUCTS_DIR; };
		B9599E222485888300B15C5D /* CoreImageProjectUITests.swift */ = {isa = PBXFileReference; lastKnownFileType = sourcecode.swift; path = CoreImageProjectUITests.swift; sourceTree = "<group>"; };
		B9599E242485888300B15C5D /* Info.plist */ = {isa = PBXFileReference; lastKnownFileType = text.plist.xml; path = Info.plist; sourceTree = "<group>"; };
/* End PBXFileReference section */

/* Begin PBXFrameworksBuildPhase section */
		B9599DFA2485888200B15C5D /* Frameworks */ = {
			isa = PBXFrameworksBuildPhase;
			buildActionMask = 2147483647;
			files = (
			);
			runOnlyForDeploymentPostprocessing = 0;
		};
		B9599E102485888300B15C5D /* Frameworks */ = {
			isa = PBXFrameworksBuildPhase;
			buildActionMask = 2147483647;
			files = (
			);
			runOnlyForDeploymentPostprocessing = 0;
		};
		B9599E1B2485888300B15C5D /* Frameworks */ = {
			isa = PBXFrameworksBuildPhase;
			buildActionMask = 2147483647;
			files = (
			);
			runOnlyForDeploymentPostprocessing = 0;
		};
/* End PBXFrameworksBuildPhase section */

/* Begin PBXGroup section */
		B938E1962485A1D70048D26F /* Main */ = {
			isa = PBXGroup;
			children = (
				B9599E042485888200B15C5D /* ViewController.swift */,
				B9599E062485888200B15C5D /* Main.storyboard */,
			);
			path = Main;
			sourceTree = "<group>";
		};
		B9599DF42485888200B15C5D = {
			isa = PBXGroup;
			children = (
				B9599DFF2485888200B15C5D /* CoreImageProject */,
				B9599E162485888300B15C5D /* CoreImageProjectTests */,
				B9599E212485888300B15C5D /* CoreImageProjectUITests */,
				B9599DFE2485888200B15C5D /* Products */,
			);
			sourceTree = "<group>";
		};
		B9599DFE2485888200B15C5D /* Products */ = {
			isa = PBXGroup;
			children = (
				B9599DFD2485888200B15C5D /* CoreImageProject.app */,
				B9599E132485888300B15C5D /* CoreImageProjectTests.xctest */,
				B9599E1E2485888300B15C5D /* CoreImageProjectUITests.xctest */,
			);
			name = Products;
			sourceTree = "<group>";
		};
		B9599DFF2485888200B15C5D /* CoreImageProject */ = {
			isa = PBXGroup;
			children = (
				B938E1962485A1D70048D26F /* Main */,
				B9599E002485888200B15C5D /* AppDelegate.swift */,
				B9599E022485888200B15C5D /* SceneDelegate.swift */,
				B9599E092485888300B15C5D /* Assets.xcassets */,
				B9599E0B2485888300B15C5D /* LaunchScreen.storyboard */,
				B9599E0E2485888300B15C5D /* Info.plist */,
			);
			path = CoreImageProject;
			sourceTree = "<group>";
		};
		B9599E162485888300B15C5D /* CoreImageProjectTests */ = {
			isa = PBXGroup;
			children = (
				B9599E172485888300B15C5D /* CoreImageProjectTests.swift */,
				B9599E192485888300B15C5D /* Info.plist */,
			);
			path = CoreImageProjectTests;
			sourceTree = "<group>";
		};
		B9599E212485888300B15C5D /* CoreImageProjectUITests */ = {
			isa = PBXGroup;
			children = (
				B9599E222485888300B15C5D /* CoreImageProjectUITests.swift */,
				B9599E242485888300B15C5D /* Info.plist */,
			);
			path = CoreImageProjectUITests;
			sourceTree = "<group>";
		};
/* End PBXGroup section */

/* Begin PBXNativeTarget section */
		B9599DFC2485888200B15C5D /* CoreImageProject */ = {
			isa = PBXNativeTarget;
			buildConfigurationList = B9599E272485888300B15C5D /* Build configuration list for PBXNativeTarget "CoreImageProject" */;
			buildPhases = (
				B9599DF92485888200B15C5D /* Sources */,
				B9599DFA2485888200B15C5D /* Frameworks */,
				B9599DFB2485888200B15C5D /* Resources */,
			);
			buildRules = (
			);
			dependencies = (
			);
			name = CoreImageProject;
			productName = CoreImageProject;
			productReference = B9599DFD2485888200B15C5D /* CoreImageProject.app */;
			productType = "com.apple.product-type.application";
		};
		B9599E122485888300B15C5D /* CoreImageProjectTests */ = {
			isa = PBXNativeTarget;
			buildConfigurationList = B9599E2A2485888300B15C5D /* Build configuration list for PBXNativeTarget "CoreImageProjectTests" */;
			buildPhases = (
				B9599E0F2485888300B15C5D /* Sources */,
				B9599E102485888300B15C5D /* Frameworks */,
				B9599E112485888300B15C5D /* Resources */,
			);
			buildRules = (
			);
			dependencies = (
				B9599E152485888300B15C5D /* PBXTargetDependency */,
			);
			name = CoreImageProjectTests;
			productName = CoreImageProjectTests;
			productReference = B9599E132485888300B15C5D /* CoreImageProjectTests.xctest */;
			productType = "com.apple.product-type.bundle.unit-test";
		};
		B9599E1D2485888300B15C5D /* CoreImageProjectUITests */ = {
			isa = PBXNativeTarget;
			buildConfigurationList = B9599E2D2485888300B15C5D /* Build configuration list for PBXNativeTarget "CoreImageProjectUITests" */;
			buildPhases = (
				B9599E1A2485888300B15C5D /* Sources */,
				B9599E1B2485888300B15C5D /* Frameworks */,
				B9599E1C2485888300B15C5D /* Resources */,
			);
			buildRules = (
			);
			dependencies = (
				B9599E202485888300B15C5D /* PBXTargetDependency */,
			);
			name = CoreImageProjectUITests;
			productName = CoreImageProjectUITests;
			productReference = B9599E1E2485888300B15C5D /* CoreImageProjectUITests.xctest */;
			productType = "com.apple.product-type.bundle.ui-testing";
		};
/* End PBXNativeTarget section */

/* Begin PBXProject section */
		B9599DF52485888200B15C5D /* Project object */ = {
			isa = PBXProject;
			attributes = {
				LastSwiftUpdateCheck = 1150;
				LastUpgradeCheck = 1150;
				ORGANIZATIONNAME = "Hazy Studios";
				TargetAttributes = {
					B9599DFC2485888200B15C5D = {
						CreatedOnToolsVersion = 11.5;
					};
					B9599E122485888300B15C5D = {
						CreatedOnToolsVersion = 11.5;
						TestTargetID = B9599DFC2485888200B15C5D;
					};
					B9599E1D2485888300B15C5D = {
						CreatedOnToolsVersion = 11.5;
						TestTargetID = B9599DFC2485888200B15C5D;
					};
				};
			};
			buildConfigurationList = B9599DF82485888200B15C5D /* Build configuration list for PBXProject "CoreImageProject" */;
			compatibilityVersion = "Xcode 9.3";
			developmentRegion = en;
			hasScannedForEncodings = 0;
			knownRegions = (
				en,
				Base,
			);
			mainGroup = B9599DF42485888200B15C5D;
			productRefGroup = B9599DFE2485888200B15C5D /* Products */;
			projectDirPath = "";
			projectRoot = "";
			targets = (
				B9599DFC2485888200B15C5D /* CoreImageProject */,
				B9599E122485888300B15C5D /* CoreImageProjectTests */,
				B9599E1D2485888300B15C5D /* CoreImageProjectUITests */,
			);
		};
/* End PBXProject section */

/* Begin PBXResourcesBuildPhase section */
		B9599DFB2485888200B15C5D /* Resources */ = {
			isa = PBXResourcesBuildPhase;
			buildActionMask = 2147483647;
			files = (
				B9599E0D2485888300B15C5D /* LaunchScreen.storyboard in Resources */,
				B9599E0A2485888300B15C5D /* Assets.xcassets in Resources */,
				B9599E082485888200B15C5D /* Main.storyboard in Resources */,
			);
			runOnlyForDeploymentPostprocessing = 0;
		};
		B9599E112485888300B15C5D /* Resources */ = {
			isa = PBXResourcesBuildPhase;
			buildActionMask = 2147483647;
			files = (
			);
			runOnlyForDeploymentPostprocessing = 0;
		};
		B9599E1C2485888300B15C5D /* Resources */ = {
			isa = PBXResourcesBuildPhase;
			buildActionMask = 2147483647;
			files = (
			);
			runOnlyForDeploymentPostprocessing = 0;
		};
/* End PBXResourcesBuildPhase section */

/* Begin PBXSourcesBuildPhase section */
		B9599DF92485888200B15C5D /* Sources */ = {
			isa = PBXSourcesBuildPhase;
			buildActionMask = 2147483647;
			files = (
				B9599E052485888200B15C5D /* ViewController.swift in Sources */,
				B9599E012485888200B15C5D /* AppDelegate.swift in Sources */,
				B9599E032485888200B15C5D /* SceneDelegate.swift in Sources */,
			);
			runOnlyForDeploymentPostprocessing = 0;
		};
		B9599E0F2485888300B15C5D /* Sources */ = {
			isa = PBXSourcesBuildPhase;
			buildActionMask = 2147483647;
			files = (
				B9599E182485888300B15C5D /* CoreImageProjectTests.swift in Sources */,
			);
			runOnlyForDeploymentPostprocessing = 0;
		};
		B9599E1A2485888300B15C5D /* Sources */ = {
			isa = PBXSourcesBuildPhase;
			buildActionMask = 2147483647;
			files = (
				B9599E232485888300B15C5D /* CoreImageProjectUITests.swift in Sources */,
			);
			runOnlyForDeploymentPostprocessing = 0;
		};
/* End PBXSourcesBuildPhase section */

/* Begin PBXTargetDependency section */
		B9599E152485888300B15C5D /* PBXTargetDependency */ = {
			isa = PBXTargetDependency;
			target = B9599DFC2485888200B15C5D /* CoreImageProject */;
			targetProxy = B9599E142485888300B15C5D /* PBXContainerItemProxy */;
		};
		B9599E202485888300B15C5D /* PBXTargetDependency */ = {
			isa = PBXTargetDependency;
			target = B9599DFC2485888200B15C5D /* CoreImageProject */;
			targetProxy = B9599E1F2485888300B15C5D /* PBXContainerItemProxy */;
		};
/* End PBXTargetDependency section */

/* Begin PBXVariantGroup section */
		B9599E062485888200B15C5D /* Main.storyboard */ = {
			isa = PBXVariantGroup;
			children = (
				B9599E072485888200B15C5D /* Base */,
			);
			name = Main.storyboard;
			sourceTree = "<group>";
		};
		B9599E0B2485888300B15C5D /* LaunchScreen.storyboard */ = {
			isa = PBXVariantGroup;
			children = (
				B9599E0C2485888300B15C5D /* Base */,
			);
			name = LaunchScreen.storyboard;
			sourceTree = "<group>";
		};
/* End PBXVariantGroup section */

/* Begin XCBuildConfiguration section */
		B9599E252485888300B15C5D /* Debug */ = {
			isa = XCBuildConfiguration;
			buildSettings = {
				ALWAYS_SEARCH_USER_PATHS = NO;
				CLANG_ANALYZER_NONNULL = YES;
				CLANG_ANALYZER_NUMBER_OBJECT_CONVERSION = YES_AGGRESSIVE;
				CLANG_CXX_LANGUAGE_STANDARD = "gnu++14";
				CLANG_CXX_LIBRARY = "libc++";
				CLANG_ENABLE_MODULES = YES;
				CLANG_ENABLE_OBJC_ARC = YES;
				CLANG_ENABLE_OBJC_WEAK = YES;
				CLANG_WARN_BLOCK_CAPTURE_AUTORELEASING = YES;
				CLANG_WARN_BOOL_CONVERSION = YES;
				CLANG_WARN_COMMA = YES;
				CLANG_WARN_CONSTANT_CONVERSION = YES;
				CLANG_WARN_DEPRECATED_OBJC_IMPLEMENTATIONS = YES;
				CLANG_WARN_DIRECT_OBJC_ISA_USAGE = YES_ERROR;
				CLANG_WARN_DOCUMENTATION_COMMENTS = YES;
				CLANG_WARN_EMPTY_BODY = YES;
				CLANG_WARN_ENUM_CONVERSION = YES;
				CLANG_WARN_INFINITE_RECURSION = YES;
				CLANG_WARN_INT_CONVERSION = YES;
				CLANG_WARN_NON_LITERAL_NULL_CONVERSION = YES;
				CLANG_WARN_OBJC_IMPLICIT_RETAIN_SELF = YES;
				CLANG_WARN_OBJC_LITERAL_CONVERSION = YES;
				CLANG_WARN_OBJC_ROOT_CLASS = YES_ERROR;
				CLANG_WARN_RANGE_LOOP_ANALYSIS = YES;
				CLANG_WARN_STRICT_PROTOTYPES = YES;
				CLANG_WARN_SUSPICIOUS_MOVE = YES;
				CLANG_WARN_UNGUARDED_AVAILABILITY = YES_AGGRESSIVE;
				CLANG_WARN_UNREACHABLE_CODE = YES;
				CLANG_WARN__DUPLICATE_METHOD_MATCH = YES;
				COPY_PHASE_STRIP = NO;
				DEBUG_INFORMATION_FORMAT = dwarf;
				ENABLE_STRICT_OBJC_MSGSEND = YES;
				ENABLE_TESTABILITY = YES;
				GCC_C_LANGUAGE_STANDARD = gnu11;
				GCC_DYNAMIC_NO_PIC = NO;
				GCC_NO_COMMON_BLOCKS = YES;
				GCC_OPTIMIZATION_LEVEL = 0;
				GCC_PREPROCESSOR_DEFINITIONS = (
					"DEBUG=1",
					"$(inherited)",
				);
				GCC_WARN_64_TO_32_BIT_CONVERSION = YES;
				GCC_WARN_ABOUT_RETURN_TYPE = YES_ERROR;
				GCC_WARN_UNDECLARED_SELECTOR = YES;
				GCC_WARN_UNINITIALIZED_AUTOS = YES_AGGRESSIVE;
				GCC_WARN_UNUSED_FUNCTION = YES;
				GCC_WARN_UNUSED_VARIABLE = YES;
				IPHONEOS_DEPLOYMENT_TARGET = 13.5;
				MTL_ENABLE_DEBUG_INFO = INCLUDE_SOURCE;
				MTL_FAST_MATH = YES;
				ONLY_ACTIVE_ARCH = YES;
				SDKROOT = iphoneos;
				SWIFT_ACTIVE_COMPILATION_CONDITIONS = DEBUG;
				SWIFT_OPTIMIZATION_LEVEL = "-Onone";
			};
			name = Debug;
		};
		B9599E262485888300B15C5D /* Release */ = {
			isa = XCBuildConfiguration;
			buildSettings = {
				ALWAYS_SEARCH_USER_PATHS = NO;
				CLANG_ANALYZER_NONNULL = YES;
				CLANG_ANALYZER_NUMBER_OBJECT_CONVERSION = YES_AGGRESSIVE;
				CLANG_CXX_LANGUAGE_STANDARD = "gnu++14";
				CLANG_CXX_LIBRARY = "libc++";
				CLANG_ENABLE_MODULES = YES;
				CLANG_ENABLE_OBJC_ARC = YES;
				CLANG_ENABLE_OBJC_WEAK = YES;
				CLANG_WARN_BLOCK_CAPTURE_AUTORELEASING = YES;
				CLANG_WARN_BOOL_CONVERSION = YES;
				CLANG_WARN_COMMA = YES;
				CLANG_WARN_CONSTANT_CONVERSION = YES;
				CLANG_WARN_DEPRECATED_OBJC_IMPLEMENTATIONS = YES;
				CLANG_WARN_DIRECT_OBJC_ISA_USAGE = YES_ERROR;
				CLANG_WARN_DOCUMENTATION_COMMENTS = YES;
				CLANG_WARN_EMPTY_BODY = YES;
				CLANG_WARN_ENUM_CONVERSION = YES;
				CLANG_WARN_INFINITE_RECURSION = YES;
				CLANG_WARN_INT_CONVERSION = YES;
				CLANG_WARN_NON_LITERAL_NULL_CONVERSION = YES;
				CLANG_WARN_OBJC_IMPLICIT_RETAIN_SELF = YES;
				CLANG_WARN_OBJC_LITERAL_CONVERSION = YES;
				CLANG_WARN_OBJC_ROOT_CLASS = YES_ERROR;
				CLANG_WARN_RANGE_LOOP_ANALYSIS = YES;
				CLANG_WARN_STRICT_PROTOTYPES = YES;
				CLANG_WARN_SUSPICIOUS_MOVE = YES;
				CLANG_WARN_UNGUARDED_AVAILABILITY = YES_AGGRESSIVE;
				CLANG_WARN_UNREACHABLE_CODE = YES;
				CLANG_WARN__DUPLICATE_METHOD_MATCH = YES;
				COPY_PHASE_STRIP = NO;
				DEBUG_INFORMATION_FORMAT = "dwarf-with-dsym";
				ENABLE_NS_ASSERTIONS = NO;
				ENABLE_STRICT_OBJC_MSGSEND = YES;
				GCC_C_LANGUAGE_STANDARD = gnu11;
				GCC_NO_COMMON_BLOCKS = YES;
				GCC_WARN_64_TO_32_BIT_CONVERSION = YES;
				GCC_WARN_ABOUT_RETURN_TYPE = YES_ERROR;
				GCC_WARN_UNDECLARED_SELECTOR = YES;
				GCC_WARN_UNINITIALIZED_AUTOS = YES_AGGRESSIVE;
				GCC_WARN_UNUSED_FUNCTION = YES;
				GCC_WARN_UNUSED_VARIABLE = YES;
				IPHONEOS_DEPLOYMENT_TARGET = 13.5;
				MTL_ENABLE_DEBUG_INFO = NO;
				MTL_FAST_MATH = YES;
				SDKROOT = iphoneos;
				SWIFT_COMPILATION_MODE = wholemodule;
				SWIFT_OPTIMIZATION_LEVEL = "-O";
				VALIDATE_PRODUCT = YES;
			};
			name = Release;
		};
		B9599E282485888300B15C5D /* Debug */ = {
			isa = XCBuildConfiguration;
			buildSettings = {
				ASSETCATALOG_COMPILER_APPICON_NAME = AppIcon;
				CODE_SIGN_STYLE = Automatic;
				DEVELOPMENT_TEAM = 34P4RF23ET;
				INFOPLIST_FILE = CoreImageProject/Info.plist;
				LD_RUNPATH_SEARCH_PATHS = (
					"$(inherited)",
					"@executable_path/Frameworks",
				);
				PRODUCT_BUNDLE_IDENTIFIER = com.hazystudios.CoreImageProject;
				PRODUCT_NAME = "$(TARGET_NAME)";
				SWIFT_VERSION = 5.0;
				TARGETED_DEVICE_FAMILY = "1,2";
			};
			name = Debug;
		};
		B9599E292485888300B15C5D /* Release */ = {
			isa = XCBuildConfiguration;
			buildSettings = {
				ASSETCATALOG_COMPILER_APPICON_NAME = AppIcon;
				CODE_SIGN_STYLE = Automatic;
				DEVELOPMENT_TEAM = 34P4RF23ET;
				INFOPLIST_FILE = CoreImageProject/Info.plist;
				LD_RUNPATH_SEARCH_PATHS = (
					"$(inherited)",
					"@executable_path/Frameworks",
				);
				PRODUCT_BUNDLE_IDENTIFIER = com.hazystudios.CoreImageProject;
				PRODUCT_NAME = "$(TARGET_NAME)";
				SWIFT_VERSION = 5.0;
				TARGETED_DEVICE_FAMILY = "1,2";
			};
			name = Release;
		};
		B9599E2B2485888300B15C5D /* Debug */ = {
			isa = XCBuildConfiguration;
			buildSettings = {
				ALWAYS_EMBED_SWIFT_STANDARD_LIBRARIES = YES;
				BUNDLE_LOADER = "$(TEST_HOST)";
				CODE_SIGN_STYLE = Automatic;
				DEVELOPMENT_TEAM = 34P4RF23ET;
				INFOPLIST_FILE = CoreImageProjectTests/Info.plist;
				IPHONEOS_DEPLOYMENT_TARGET = 13.5;
				LD_RUNPATH_SEARCH_PATHS = (
					"$(inherited)",
					"@executable_path/Frameworks",
					"@loader_path/Frameworks",
				);
				PRODUCT_BUNDLE_IDENTIFIER = com.hazystudios.CoreImageProjectTests;
				PRODUCT_NAME = "$(TARGET_NAME)";
				SWIFT_VERSION = 5.0;
				TARGETED_DEVICE_FAMILY = "1,2";
				TEST_HOST = "$(BUILT_PRODUCTS_DIR)/CoreImageProject.app/CoreImageProject";
			};
			name = Debug;
		};
		B9599E2C2485888300B15C5D /* Release */ = {
			isa = XCBuildConfiguration;
			buildSettings = {
				ALWAYS_EMBED_SWIFT_STANDARD_LIBRARIES = YES;
				BUNDLE_LOADER = "$(TEST_HOST)";
				CODE_SIGN_STYLE = Automatic;
				DEVELOPMENT_TEAM = 34P4RF23ET;
				INFOPLIST_FILE = CoreImageProjectTests/Info.plist;
				IPHONEOS_DEPLOYMENT_TARGET = 13.5;
				LD_RUNPATH_SEARCH_PATHS = (
					"$(inherited)",
					"@executable_path/Frameworks",
					"@loader_path/Frameworks",
				);
				PRODUCT_BUNDLE_IDENTIFIER = com.hazystudios.CoreImageProjectTests;
				PRODUCT_NAME = "$(TARGET_NAME)";
				SWIFT_VERSION = 5.0;
				TARGETED_DEVICE_FAMILY = "1,2";
				TEST_HOST = "$(BUILT_PRODUCTS_DIR)/CoreImageProject.app/CoreImageProject";
			};
			name = Release;
		};
		B9599E2E2485888300B15C5D /* Debug */ = {
			isa = XCBuildConfiguration;
			buildSettings = {
				ALWAYS_EMBED_SWIFT_STANDARD_LIBRARIES = YES;
				CODE_SIGN_STYLE = Automatic;
				DEVELOPMENT_TEAM = 34P4RF23ET;
				INFOPLIST_FILE = CoreImageProjectUITests/Info.plist;
				LD_RUNPATH_SEARCH_PATHS = (
					"$(inherited)",
					"@executable_path/Frameworks",
					"@loader_path/Frameworks",
				);
				PRODUCT_BUNDLE_IDENTIFIER = com.hazystudios.CoreImageProjectUITests;
				PRODUCT_NAME = "$(TARGET_NAME)";
				SWIFT_VERSION = 5.0;
				TARGETED_DEVICE_FAMILY = "1,2";
				TEST_TARGET_NAME = CoreImageProject;
			};
			name = Debug;
		};
		B9599E2F2485888300B15C5D /* Release */ = {
			isa = XCBuildConfiguration;
			buildSettings = {
				ALWAYS_EMBED_SWIFT_STANDARD_LIBRARIES = YES;
				CODE_SIGN_STYLE = Automatic;
				DEVELOPMENT_TEAM = 34P4RF23ET;
				INFOPLIST_FILE = CoreImageProjectUITests/Info.plist;
				LD_RUNPATH_SEARCH_PATHS = (
					"$(inherited)",
					"@executable_path/Frameworks",
					"@loader_path/Frameworks",
				);
				PRODUCT_BUNDLE_IDENTIFIER = com.hazystudios.CoreImageProjectUITests;
				PRODUCT_NAME = "$(TARGET_NAME)";
				SWIFT_VERSION = 5.0;
				TARGETED_DEVICE_FAMILY = "1,2";
				TEST_TARGET_NAME = CoreImageProject;
			};
			name = Release;
		};
/* End XCBuildConfiguration section */

/* Begin XCConfigurationList section */
		B9599DF82485888200B15C5D /* Build configuration list for PBXProject "CoreImageProject" */ = {
			isa = XCConfigurationList;
			buildConfigurations = (
				B9599E252485888300B15C5D /* Debug */,
				B9599E262485888300B15C5D /* Release */,
			);
			defaultConfigurationIsVisible = 0;
			defaultConfigurationName = Release;
		};
		B9599E272485888300B15C5D /* Build configuration list for PBXNativeTarget "CoreImageProject" */ = {
			isa = XCConfigurationList;
			buildConfigurations = (
				B9599E282485888300B15C5D /* Debug */,
				B9599E292485888300B15C5D /* Release */,
			);
			defaultConfigurationIsVisible = 0;
			defaultConfigurationName = Release;
		};
		B9599E2A2485888300B15C5D /* Build configuration list for PBXNativeTarget "CoreImageProjectTests" */ = {
			isa = XCConfigurationList;
			buildConfigurations = (
				B9599E2B2485888300B15C5D /* Debug */,
				B9599E2C2485888300B15C5D /* Release */,
			);
			defaultConfigurationIsVisible = 0;
			defaultConfigurationName = Release;
		};
		B9599E2D2485888300B15C5D /* Build configuration list for PBXNativeTarget "CoreImageProjectUITests" */ = {
			isa = XCConfigurationList;
			buildConfigurations = (
				B9599E2E2485888300B15C5D /* Debug */,
				B9599E2F2485888300B15C5D /* Release */,
			);
			defaultConfigurationIsVisible = 0;
			defaultConfigurationName = Release;
		};
/* End XCConfigurationList section */
	};
	rootObject = B9599DF52485888200B15C5D /* Project object */;
}
